// !$*UTF8*$!
{
	archiveVersion = 1;
	classes = {
	};
	objectVersion = 56;
	objects = {

/* Begin PBXBuildFile section */
		734D38892A9D2CB700B42D43 /* GameCenterApp.swift in Sources */ = {isa = PBXBuildFile; fileRef = 734D38882A9D2CB700B42D43 /* GameCenterApp.swift */; };
		734D388B2A9D2CB700B42D43 /* ContentView.swift in Sources */ = {isa = PBXBuildFile; fileRef = 734D388A2A9D2CB700B42D43 /* ContentView.swift */; };
		734D388D2A9D2CB800B42D43 /* Assets.xcassets in Resources */ = {isa = PBXBuildFile; fileRef = 734D388C2A9D2CB800B42D43 /* Assets.xcassets */; };
		734D38902A9D2CB800B42D43 /* Preview Assets.xcassets in Resources */ = {isa = PBXBuildFile; fileRef = 734D388F2A9D2CB800B42D43 /* Preview Assets.xcassets */; };
		F9CED7F12A9E599F00C9EEDC /* GameCenterAuthenticationStatus.swift in Sources */ = {isa = PBXBuildFile; fileRef = F9CED7F02A9E599F00C9EEDC /* GameCenterAuthenticationStatus.swift */; };
		F9CED7F32A9E64D000C9EEDC /* SpinService.swift in Sources */ = {isa = PBXBuildFile; fileRef = F9CED7F22A9E64D000C9EEDC /* SpinService.swift */; };
		F9CED7F72A9E681600C9EEDC /* RealGame.swift in Sources */ = {isa = PBXBuildFile; fileRef = F9CED7F62A9E681600C9EEDC /* RealGame.swift */; };
		F9CED7F92A9E684D00C9EEDC /* GameData.swift in Sources */ = {isa = PBXBuildFile; fileRef = F9CED7F82A9E684D00C9EEDC /* GameData.swift */; };
		F9CED7FE2A9E702500C9EEDC /* MultiplayerScreen.swift in Sources */ = {isa = PBXBuildFile; fileRef = F9CED7FD2A9E702500C9EEDC /* MultiplayerScreen.swift */; };
		F9CED8012A9E728A00C9EEDC /* GameState.swift in Sources */ = {isa = PBXBuildFile; fileRef = F9CED8002A9E728A00C9EEDC /* GameState.swift */; };
		F9CED8032A9E7FDD00C9EEDC /* ActualGame.swift in Sources */ = {isa = PBXBuildFile; fileRef = F9CED8022A9E7FDD00C9EEDC /* ActualGame.swift */; };
		F9CED8062A9E813D00C9EEDC /* GameOutcomes.swift in Sources */ = {isa = PBXBuildFile; fileRef = F9CED8052A9E813D00C9EEDC /* GameOutcomes.swift */; };
		F9CED8082A9E857E00C9EEDC /* GameView.swift in Sources */ = {isa = PBXBuildFile; fileRef = F9CED8072A9E857E00C9EEDC /* GameView.swift */; };
		F9E397402A9D2FC7009175B3 /* GameCenterAuthenticationService.swift in Sources */ = {isa = PBXBuildFile; fileRef = F9E3973F2A9D2FC7009175B3 /* GameCenterAuthenticationService.swift */; };
		F9E397422A9D3056009175B3 /* ViewControllerRepresenter.swift in Sources */ = {isa = PBXBuildFile; fileRef = F9E397412A9D3056009175B3 /* ViewControllerRepresenter.swift */; };
/* End PBXBuildFile section */

/* Begin PBXContainerItemProxy section */
		734D38962A9D2CB800B42D43 /* PBXContainerItemProxy */ = {
			isa = PBXContainerItemProxy;
			containerPortal = 734D387D2A9D2CB700B42D43 /* Project object */;
			proxyType = 1;
			remoteGlobalIDString = 734D38842A9D2CB700B42D43;
			remoteInfo = GameCenter;
		};
		734D38A02A9D2CB800B42D43 /* PBXContainerItemProxy */ = {
			isa = PBXContainerItemProxy;
			containerPortal = 734D387D2A9D2CB700B42D43 /* Project object */;
			proxyType = 1;
			remoteGlobalIDString = 734D38842A9D2CB700B42D43;
			remoteInfo = GameCenter;
		};
/* End PBXContainerItemProxy section */

/* Begin PBXFileReference section */
		734D38852A9D2CB700B42D43 /* GameCenter.app */ = {isa = PBXFileReference; explicitFileType = wrapper.application; includeInIndex = 0; path = GameCenter.app; sourceTree = BUILT_PRODUCTS_DIR; };
		734D38882A9D2CB700B42D43 /* GameCenterApp.swift */ = {isa = PBXFileReference; lastKnownFileType = sourcecode.swift; path = GameCenterApp.swift; sourceTree = "<group>"; };
		734D388A2A9D2CB700B42D43 /* ContentView.swift */ = {isa = PBXFileReference; lastKnownFileType = sourcecode.swift; path = ContentView.swift; sourceTree = "<group>"; };
		734D388C2A9D2CB800B42D43 /* Assets.xcassets */ = {isa = PBXFileReference; lastKnownFileType = folder.assetcatalog; path = Assets.xcassets; sourceTree = "<group>"; };
		734D388F2A9D2CB800B42D43 /* Preview Assets.xcassets */ = {isa = PBXFileReference; lastKnownFileType = folder.assetcatalog; path = "Preview Assets.xcassets"; sourceTree = "<group>"; };
		734D38952A9D2CB800B42D43 /* GameCenterTests.xctest */ = {isa = PBXFileReference; explicitFileType = wrapper.cfbundle; includeInIndex = 0; path = GameCenterTests.xctest; sourceTree = BUILT_PRODUCTS_DIR; };
		734D389F2A9D2CB800B42D43 /* GameCenterUITests.xctest */ = {isa = PBXFileReference; explicitFileType = wrapper.cfbundle; includeInIndex = 0; path = GameCenterUITests.xctest; sourceTree = BUILT_PRODUCTS_DIR; };
		734D38B22A9D2E5000B42D43 /* GameCenter.entitlements */ = {isa = PBXFileReference; lastKnownFileType = text.plist.entitlements; path = GameCenter.entitlements; sourceTree = "<group>"; };
		F9CED7F02A9E599F00C9EEDC /* GameCenterAuthenticationStatus.swift */ = {isa = PBXFileReference; lastKnownFileType = sourcecode.swift; path = GameCenterAuthenticationStatus.swift; sourceTree = "<group>"; };
		F9CED7F22A9E64D000C9EEDC /* SpinService.swift */ = {isa = PBXFileReference; lastKnownFileType = sourcecode.swift; path = SpinService.swift; sourceTree = "<group>"; };
		F9CED7F62A9E681600C9EEDC /* RealGame.swift */ = {isa = PBXFileReference; lastKnownFileType = sourcecode.swift; path = RealGame.swift; sourceTree = "<group>"; };
		F9CED7F82A9E684D00C9EEDC /* GameData.swift */ = {isa = PBXFileReference; lastKnownFileType = sourcecode.swift; path = GameData.swift; sourceTree = "<group>"; };
		F9CED7FD2A9E702500C9EEDC /* MultiplayerScreen.swift */ = {isa = PBXFileReference; lastKnownFileType = sourcecode.swift; path = MultiplayerScreen.swift; sourceTree = "<group>"; };
		F9CED8002A9E728A00C9EEDC /* GameState.swift */ = {isa = PBXFileReference; lastKnownFileType = sourcecode.swift; path = GameState.swift; sourceTree = "<group>"; };
		F9CED8022A9E7FDD00C9EEDC /* ActualGame.swift */ = {isa = PBXFileReference; lastKnownFileType = sourcecode.swift; path = ActualGame.swift; sourceTree = "<group>"; };
		F9CED8052A9E813D00C9EEDC /* GameOutcomes.swift */ = {isa = PBXFileReference; lastKnownFileType = sourcecode.swift; path = GameOutcomes.swift; sourceTree = "<group>"; };
		F9CED8072A9E857E00C9EEDC /* GameView.swift */ = {isa = PBXFileReference; lastKnownFileType = sourcecode.swift; path = GameView.swift; sourceTree = "<group>"; };
		F9E3973F2A9D2FC7009175B3 /* GameCenterAuthenticationService.swift */ = {isa = PBXFileReference; lastKnownFileType = sourcecode.swift; path = GameCenterAuthenticationService.swift; sourceTree = "<group>"; };
		F9E397412A9D3056009175B3 /* ViewControllerRepresenter.swift */ = {isa = PBXFileReference; lastKnownFileType = sourcecode.swift; path = ViewControllerRepresenter.swift; sourceTree = "<group>"; };
/* End PBXFileReference section */

/* Begin PBXFrameworksBuildPhase section */
		734D38822A9D2CB700B42D43 /* Frameworks */ = {
			isa = PBXFrameworksBuildPhase;
			buildActionMask = 2147483647;
			files = (
			);
			runOnlyForDeploymentPostprocessing = 0;
		};
		734D38922A9D2CB800B42D43 /* Frameworks */ = {
			isa = PBXFrameworksBuildPhase;
			buildActionMask = 2147483647;
			files = (
			);
			runOnlyForDeploymentPostprocessing = 0;
		};
		734D389C2A9D2CB800B42D43 /* Frameworks */ = {
			isa = PBXFrameworksBuildPhase;
			buildActionMask = 2147483647;
			files = (
			);
			runOnlyForDeploymentPostprocessing = 0;
		};
/* End PBXFrameworksBuildPhase section */

/* Begin PBXGroup section */
		734D387C2A9D2CB700B42D43 = {
			isa = PBXGroup;
			children = (
				734D38872A9D2CB700B42D43 /* GameCenter */,
				734D38862A9D2CB700B42D43 /* Products */,
			);
			sourceTree = "<group>";
		};
		734D38862A9D2CB700B42D43 /* Products */ = {
			isa = PBXGroup;
			children = (
				734D38852A9D2CB700B42D43 /* GameCenter.app */,
				734D38952A9D2CB800B42D43 /* GameCenterTests.xctest */,
				734D389F2A9D2CB800B42D43 /* GameCenterUITests.xctest */,
			);
			name = Products;
			sourceTree = "<group>";
		};
		734D38872A9D2CB700B42D43 /* GameCenter */ = {
			isa = PBXGroup;
			children = (
				734D38B22A9D2E5000B42D43 /* GameCenter.entitlements */,
				734D38882A9D2CB700B42D43 /* GameCenterApp.swift */,
				734D388A2A9D2CB700B42D43 /* ContentView.swift */,
				F9CED7FD2A9E702500C9EEDC /* MultiplayerScreen.swift */,
				F9CED8042A9E7FE200C9EEDC /* ActualGame */,
				F9CED7FA2A9E6C0700C9EEDC /* GameCenterAuthentication */,
				F9E397412A9D3056009175B3 /* ViewControllerRepresenter.swift */,
				F9CED7FC2A9E6C2200C9EEDC /* GameLogic */,
				F9CED7FF2A9E727500C9EEDC /* GameLobby */,
				734D388C2A9D2CB800B42D43 /* Assets.xcassets */,
				734D388E2A9D2CB800B42D43 /* Preview Content */,
			);
			path = GameCenter;
			sourceTree = "<group>";
		};
		734D388E2A9D2CB800B42D43 /* Preview Content */ = {
			isa = PBXGroup;
			children = (
				734D388F2A9D2CB800B42D43 /* Preview Assets.xcassets */,
			);
			path = "Preview Content";
			sourceTree = "<group>";
		};
		F9CED7FA2A9E6C0700C9EEDC /* GameCenterAuthentication */ = {
			isa = PBXGroup;
			children = (
				F9E3973F2A9D2FC7009175B3 /* GameCenterAuthenticationService.swift */,
				F9CED7F02A9E599F00C9EEDC /* GameCenterAuthenticationStatus.swift */,
			);
			path = GameCenterAuthentication;
			sourceTree = "<group>";
		};
		F9CED7FC2A9E6C2200C9EEDC /* GameLogic */ = {
			isa = PBXGroup;
			children = (
				F9CED7F22A9E64D000C9EEDC /* SpinService.swift */,
			);
			path = GameLogic;
			sourceTree = "<group>";
		};
		F9CED7FF2A9E727500C9EEDC /* GameLobby */ = {
			isa = PBXGroup;
			children = (
				F9CED7F62A9E681600C9EEDC /* RealGame.swift */,
				F9CED8002A9E728A00C9EEDC /* GameState.swift */,
			);
			name = GameLobby;
			sourceTree = "<group>";
		};
		F9CED8042A9E7FE200C9EEDC /* ActualGame */ = {
			isa = PBXGroup;
			children = (
				F9CED8022A9E7FDD00C9EEDC /* ActualGame.swift */,
				F9CED8072A9E857E00C9EEDC /* GameView.swift */,
				F9CED7F82A9E684D00C9EEDC /* GameData.swift */,
				F9CED8052A9E813D00C9EEDC /* GameOutcomes.swift */,
			);
			path = ActualGame;
			sourceTree = "<group>";
		};
/* End PBXGroup section */

/* Begin PBXNativeTarget section */
		734D38842A9D2CB700B42D43 /* GameCenter */ = {
			isa = PBXNativeTarget;
			buildConfigurationList = 734D38A92A9D2CB800B42D43 /* Build configuration list for PBXNativeTarget "GameCenter" */;
			buildPhases = (
				734D38812A9D2CB700B42D43 /* Sources */,
				734D38822A9D2CB700B42D43 /* Frameworks */,
				734D38832A9D2CB700B42D43 /* Resources */,
			);
			buildRules = (
			);
			dependencies = (
			);
			name = GameCenter;
			productName = GameCenter;
			productReference = 734D38852A9D2CB700B42D43 /* GameCenter.app */;
			productType = "com.apple.product-type.application";
		};
		734D38942A9D2CB800B42D43 /* GameCenterTests */ = {
			isa = PBXNativeTarget;
			buildConfigurationList = 734D38AC2A9D2CB800B42D43 /* Build configuration list for PBXNativeTarget "GameCenterTests" */;
			buildPhases = (
				734D38912A9D2CB800B42D43 /* Sources */,
				734D38922A9D2CB800B42D43 /* Frameworks */,
				734D38932A9D2CB800B42D43 /* Resources */,
			);
			buildRules = (
			);
			dependencies = (
				734D38972A9D2CB800B42D43 /* PBXTargetDependency */,
			);
			name = GameCenterTests;
			productName = GameCenterTests;
			productReference = 734D38952A9D2CB800B42D43 /* GameCenterTests.xctest */;
			productType = "com.apple.product-type.bundle.unit-test";
		};
		734D389E2A9D2CB800B42D43 /* GameCenterUITests */ = {
			isa = PBXNativeTarget;
			buildConfigurationList = 734D38AF2A9D2CB800B42D43 /* Build configuration list for PBXNativeTarget "GameCenterUITests" */;
			buildPhases = (
				734D389B2A9D2CB800B42D43 /* Sources */,
				734D389C2A9D2CB800B42D43 /* Frameworks */,
				734D389D2A9D2CB800B42D43 /* Resources */,
			);
			buildRules = (
			);
			dependencies = (
				734D38A12A9D2CB800B42D43 /* PBXTargetDependency */,
			);
			name = GameCenterUITests;
			productName = GameCenterUITests;
			productReference = 734D389F2A9D2CB800B42D43 /* GameCenterUITests.xctest */;
			productType = "com.apple.product-type.bundle.ui-testing";
		};
/* End PBXNativeTarget section */

/* Begin PBXProject section */
		734D387D2A9D2CB700B42D43 /* Project object */ = {
			isa = PBXProject;
			attributes = {
				BuildIndependentTargetsInParallel = 1;
				LastSwiftUpdateCheck = 1430;
				LastUpgradeCheck = 1430;
				TargetAttributes = {
					734D38842A9D2CB700B42D43 = {
						CreatedOnToolsVersion = 14.3.1;
					};
					734D38942A9D2CB800B42D43 = {
						CreatedOnToolsVersion = 14.3.1;
						TestTargetID = 734D38842A9D2CB700B42D43;
					};
					734D389E2A9D2CB800B42D43 = {
						CreatedOnToolsVersion = 14.3.1;
						TestTargetID = 734D38842A9D2CB700B42D43;
					};
				};
			};
			buildConfigurationList = 734D38802A9D2CB700B42D43 /* Build configuration list for PBXProject "GameCenter" */;
			compatibilityVersion = "Xcode 14.0";
			developmentRegion = en;
			hasScannedForEncodings = 0;
			knownRegions = (
				en,
				Base,
			);
			mainGroup = 734D387C2A9D2CB700B42D43;
			productRefGroup = 734D38862A9D2CB700B42D43 /* Products */;
			projectDirPath = "";
			projectRoot = "";
			targets = (
				734D38842A9D2CB700B42D43 /* GameCenter */,
				734D38942A9D2CB800B42D43 /* GameCenterTests */,
				734D389E2A9D2CB800B42D43 /* GameCenterUITests */,
			);
		};
/* End PBXProject section */

/* Begin PBXResourcesBuildPhase section */
		734D38832A9D2CB700B42D43 /* Resources */ = {
			isa = PBXResourcesBuildPhase;
			buildActionMask = 2147483647;
			files = (
				734D38902A9D2CB800B42D43 /* Preview Assets.xcassets in Resources */,
				734D388D2A9D2CB800B42D43 /* Assets.xcassets in Resources */,
			);
			runOnlyForDeploymentPostprocessing = 0;
		};
		734D38932A9D2CB800B42D43 /* Resources */ = {
			isa = PBXResourcesBuildPhase;
			buildActionMask = 2147483647;
			files = (
			);
			runOnlyForDeploymentPostprocessing = 0;
		};
		734D389D2A9D2CB800B42D43 /* Resources */ = {
			isa = PBXResourcesBuildPhase;
			buildActionMask = 2147483647;
			files = (
			);
			runOnlyForDeploymentPostprocessing = 0;
		};
/* End PBXResourcesBuildPhase section */

/* Begin PBXSourcesBuildPhase section */
		734D38812A9D2CB700B42D43 /* Sources */ = {
			isa = PBXSourcesBuildPhase;
			buildActionMask = 2147483647;
			files = (
				734D388B2A9D2CB700B42D43 /* ContentView.swift in Sources */,
				F9E397422A9D3056009175B3 /* ViewControllerRepresenter.swift in Sources */,
				F9CED8062A9E813D00C9EEDC /* GameOutcomes.swift in Sources */,
				F9CED7F12A9E599F00C9EEDC /* GameCenterAuthenticationStatus.swift in Sources */,
				F9CED7F72A9E681600C9EEDC /* RealGame.swift in Sources */,
				734D38892A9D2CB700B42D43 /* GameCenterApp.swift in Sources */,
				F9CED8032A9E7FDD00C9EEDC /* ActualGame.swift in Sources */,
				F9CED7F92A9E684D00C9EEDC /* GameData.swift in Sources */,
				F9CED7FE2A9E702500C9EEDC /* MultiplayerScreen.swift in Sources */,
				F9CED8012A9E728A00C9EEDC /* GameState.swift in Sources */,
				F9E397402A9D2FC7009175B3 /* GameCenterAuthenticationService.swift in Sources */,
				F9CED8082A9E857E00C9EEDC /* GameView.swift in Sources */,
				F9CED7F32A9E64D000C9EEDC /* SpinService.swift in Sources */,
			);
			runOnlyForDeploymentPostprocessing = 0;
		};
		734D38912A9D2CB800B42D43 /* Sources */ = {
			isa = PBXSourcesBuildPhase;
			buildActionMask = 2147483647;
			files = (
			);
			runOnlyForDeploymentPostprocessing = 0;
		};
		734D389B2A9D2CB800B42D43 /* Sources */ = {
			isa = PBXSourcesBuildPhase;
			buildActionMask = 2147483647;
			files = (
			);
			runOnlyForDeploymentPostprocessing = 0;
		};
/* End PBXSourcesBuildPhase section */

/* Begin PBXTargetDependency section */
		734D38972A9D2CB800B42D43 /* PBXTargetDependency */ = {
			isa = PBXTargetDependency;
			target = 734D38842A9D2CB700B42D43 /* GameCenter */;
			targetProxy = 734D38962A9D2CB800B42D43 /* PBXContainerItemProxy */;
		};
		734D38A12A9D2CB800B42D43 /* PBXTargetDependency */ = {
			isa = PBXTargetDependency;
			target = 734D38842A9D2CB700B42D43 /* GameCenter */;
			targetProxy = 734D38A02A9D2CB800B42D43 /* PBXContainerItemProxy */;
		};
/* End PBXTargetDependency section */

/* Begin XCBuildConfiguration section */
		734D38A72A9D2CB800B42D43 /* Debug */ = {
			isa = XCBuildConfiguration;
			buildSettings = {
				ALWAYS_SEARCH_USER_PATHS = NO;
				CLANG_ANALYZER_NONNULL = YES;
				CLANG_ANALYZER_NUMBER_OBJECT_CONVERSION = YES_AGGRESSIVE;
				CLANG_CXX_LANGUAGE_STANDARD = "gnu++20";
				CLANG_ENABLE_MODULES = YES;
				CLANG_ENABLE_OBJC_ARC = YES;
				CLANG_ENABLE_OBJC_WEAK = YES;
				CLANG_WARN_BLOCK_CAPTURE_AUTORELEASING = YES;
				CLANG_WARN_BOOL_CONVERSION = YES;
				CLANG_WARN_COMMA = YES;
				CLANG_WARN_CONSTANT_CONVERSION = YES;
				CLANG_WARN_DEPRECATED_OBJC_IMPLEMENTATIONS = YES;
				CLANG_WARN_DIRECT_OBJC_ISA_USAGE = YES_ERROR;
				CLANG_WARN_DOCUMENTATION_COMMENTS = YES;
				CLANG_WARN_EMPTY_BODY = YES;
				CLANG_WARN_ENUM_CONVERSION = YES;
				CLANG_WARN_INFINITE_RECURSION = YES;
				CLANG_WARN_INT_CONVERSION = YES;
				CLANG_WARN_NON_LITERAL_NULL_CONVERSION = YES;
				CLANG_WARN_OBJC_IMPLICIT_RETAIN_SELF = YES;
				CLANG_WARN_OBJC_LITERAL_CONVERSION = YES;
				CLANG_WARN_OBJC_ROOT_CLASS = YES_ERROR;
				CLANG_WARN_QUOTED_INCLUDE_IN_FRAMEWORK_HEADER = YES;
				CLANG_WARN_RANGE_LOOP_ANALYSIS = YES;
				CLANG_WARN_STRICT_PROTOTYPES = YES;
				CLANG_WARN_SUSPICIOUS_MOVE = YES;
				CLANG_WARN_UNGUARDED_AVAILABILITY = YES_AGGRESSIVE;
				CLANG_WARN_UNREACHABLE_CODE = YES;
				CLANG_WARN__DUPLICATE_METHOD_MATCH = YES;
				COPY_PHASE_STRIP = NO;
				DEBUG_INFORMATION_FORMAT = dwarf;
				ENABLE_STRICT_OBJC_MSGSEND = YES;
				ENABLE_TESTABILITY = YES;
				GCC_C_LANGUAGE_STANDARD = gnu11;
				GCC_DYNAMIC_NO_PIC = NO;
				GCC_NO_COMMON_BLOCKS = YES;
				GCC_OPTIMIZATION_LEVEL = 0;
				GCC_PREPROCESSOR_DEFINITIONS = (
					"DEBUG=1",
					"$(inherited)",
				);
				GCC_WARN_64_TO_32_BIT_CONVERSION = YES;
				GCC_WARN_ABOUT_RETURN_TYPE = YES_ERROR;
				GCC_WARN_UNDECLARED_SELECTOR = YES;
				GCC_WARN_UNINITIALIZED_AUTOS = YES_AGGRESSIVE;
				GCC_WARN_UNUSED_FUNCTION = YES;
				GCC_WARN_UNUSED_VARIABLE = YES;
				IPHONEOS_DEPLOYMENT_TARGET = 16.4;
				MTL_ENABLE_DEBUG_INFO = INCLUDE_SOURCE;
				MTL_FAST_MATH = YES;
				ONLY_ACTIVE_ARCH = YES;
				SDKROOT = iphoneos;
				SWIFT_ACTIVE_COMPILATION_CONDITIONS = DEBUG;
				SWIFT_OPTIMIZATION_LEVEL = "-Onone";
			};
			name = Debug;
		};
		734D38A82A9D2CB800B42D43 /* Release */ = {
			isa = XCBuildConfiguration;
			buildSettings = {
				ALWAYS_SEARCH_USER_PATHS = NO;
				CLANG_ANALYZER_NONNULL = YES;
				CLANG_ANALYZER_NUMBER_OBJECT_CONVERSION = YES_AGGRESSIVE;
				CLANG_CXX_LANGUAGE_STANDARD = "gnu++20";
				CLANG_ENABLE_MODULES = YES;
				CLANG_ENABLE_OBJC_ARC = YES;
				CLANG_ENABLE_OBJC_WEAK = YES;
				CLANG_WARN_BLOCK_CAPTURE_AUTORELEASING = YES;
				CLANG_WARN_BOOL_CONVERSION = YES;
				CLANG_WARN_COMMA = YES;
				CLANG_WARN_CONSTANT_CONVERSION = YES;
				CLANG_WARN_DEPRECATED_OBJC_IMPLEMENTATIONS = YES;
				CLANG_WARN_DIRECT_OBJC_ISA_USAGE = YES_ERROR;
				CLANG_WARN_DOCUMENTATION_COMMENTS = YES;
				CLANG_WARN_EMPTY_BODY = YES;
				CLANG_WARN_ENUM_CONVERSION = YES;
				CLANG_WARN_INFINITE_RECURSION = YES;
				CLANG_WARN_INT_CONVERSION = YES;
				CLANG_WARN_NON_LITERAL_NULL_CONVERSION = YES;
				CLANG_WARN_OBJC_IMPLICIT_RETAIN_SELF = YES;
				CLANG_WARN_OBJC_LITERAL_CONVERSION = YES;
				CLANG_WARN_OBJC_ROOT_CLASS = YES_ERROR;
				CLANG_WARN_QUOTED_INCLUDE_IN_FRAMEWORK_HEADER = YES;
				CLANG_WARN_RANGE_LOOP_ANALYSIS = YES;
				CLANG_WARN_STRICT_PROTOTYPES = YES;
				CLANG_WARN_SUSPICIOUS_MOVE = YES;
				CLANG_WARN_UNGUARDED_AVAILABILITY = YES_AGGRESSIVE;
				CLANG_WARN_UNREACHABLE_CODE = YES;
				CLANG_WARN__DUPLICATE_METHOD_MATCH = YES;
				COPY_PHASE_STRIP = NO;
				DEBUG_INFORMATION_FORMAT = "dwarf-with-dsym";
				ENABLE_NS_ASSERTIONS = NO;
				ENABLE_STRICT_OBJC_MSGSEND = YES;
				GCC_C_LANGUAGE_STANDARD = gnu11;
				GCC_NO_COMMON_BLOCKS = YES;
				GCC_WARN_64_TO_32_BIT_CONVERSION = YES;
				GCC_WARN_ABOUT_RETURN_TYPE = YES_ERROR;
				GCC_WARN_UNDECLARED_SELECTOR = YES;
				GCC_WARN_UNINITIALIZED_AUTOS = YES_AGGRESSIVE;
				GCC_WARN_UNUSED_FUNCTION = YES;
				GCC_WARN_UNUSED_VARIABLE = YES;
				IPHONEOS_DEPLOYMENT_TARGET = 16.4;
				MTL_ENABLE_DEBUG_INFO = NO;
				MTL_FAST_MATH = YES;
				SDKROOT = iphoneos;
				SWIFT_COMPILATION_MODE = wholemodule;
				SWIFT_OPTIMIZATION_LEVEL = "-O";
				VALIDATE_PRODUCT = YES;
			};
			name = Release;
		};
		734D38AA2A9D2CB800B42D43 /* Debug */ = {
			isa = XCBuildConfiguration;
			buildSettings = {
				ASSETCATALOG_COMPILER_APPICON_NAME = AppIcon;
				ASSETCATALOG_COMPILER_GLOBAL_ACCENT_COLOR_NAME = AccentColor;
				CODE_SIGN_ENTITLEMENTS = GameCenter/GameCenter.entitlements;
				"CODE_SIGN_IDENTITY[sdk=iphoneos*]" = "iPhone Developer";
				CODE_SIGN_STYLE = Manual;
				CURRENT_PROJECT_VERSION = 1;
				DEVELOPMENT_ASSET_PATHS = "\"GameCenter/Preview Content\"";
				DEVELOPMENT_TEAM = "";
				"DEVELOPMENT_TEAM[sdk=iphoneos*]" = UDTLAW243X;
				ENABLE_PREVIEWS = YES;
				GENERATE_INFOPLIST_FILE = YES;
				INFOPLIST_KEY_UIApplicationSceneManifest_Generation = YES;
				INFOPLIST_KEY_UIApplicationSupportsIndirectInputEvents = YES;
				INFOPLIST_KEY_UILaunchScreen_Generation = YES;
				INFOPLIST_KEY_UISupportedInterfaceOrientations_iPad = "UIInterfaceOrientationPortrait UIInterfaceOrientationPortraitUpsideDown UIInterfaceOrientationLandscapeLeft UIInterfaceOrientationLandscapeRight";
				INFOPLIST_KEY_UISupportedInterfaceOrientations_iPhone = "UIInterfaceOrientationPortrait UIInterfaceOrientationLandscapeLeft UIInterfaceOrientationLandscapeRight";
				IPHONEOS_DEPLOYMENT_TARGET = 16.0;
				LD_RUNPATH_SEARCH_PATHS = (
					"$(inherited)",
					"@executable_path/Frameworks",
				);
				MARKETING_VERSION = 1.0;
				PRODUCT_BUNDLE_IDENTIFIER = com.felippostedile.GameCenter;
				PRODUCT_NAME = "$(TARGET_NAME)";
				PROVISIONING_PROFILE_SPECIFIER = "";
				"PROVISIONING_PROFILE_SPECIFIER[sdk=iphoneos*]" = gamecentertesting;
				SWIFT_EMIT_LOC_STRINGS = YES;
				SWIFT_VERSION = 5.0;
				TARGETED_DEVICE_FAMILY = "1,2";
			};
			name = Debug;
		};
		734D38AB2A9D2CB800B42D43 /* Release */ = {
			isa = XCBuildConfiguration;
			buildSettings = {
				ASSETCATALOG_COMPILER_APPICON_NAME = AppIcon;
				ASSETCATALOG_COMPILER_GLOBAL_ACCENT_COLOR_NAME = AccentColor;
				CODE_SIGN_ENTITLEMENTS = GameCenter/GameCenter.entitlements;
				"CODE_SIGN_IDENTITY[sdk=iphoneos*]" = "iPhone Developer";
				CODE_SIGN_STYLE = Manual;
				CURRENT_PROJECT_VERSION = 1;
				DEVELOPMENT_ASSET_PATHS = "\"GameCenter/Preview Content\"";
				DEVELOPMENT_TEAM = "";
				"DEVELOPMENT_TEAM[sdk=iphoneos*]" = UDTLAW243X;
				ENABLE_PREVIEWS = YES;
				GENERATE_INFOPLIST_FILE = YES;
				INFOPLIST_KEY_UIApplicationSceneManifest_Generation = YES;
				INFOPLIST_KEY_UIApplicationSupportsIndirectInputEvents = YES;
				INFOPLIST_KEY_UILaunchScreen_Generation = YES;
				INFOPLIST_KEY_UISupportedInterfaceOrientations_iPad = "UIInterfaceOrientationPortrait UIInterfaceOrientationPortraitUpsideDown UIInterfaceOrientationLandscapeLeft UIInterfaceOrientationLandscapeRight";
				INFOPLIST_KEY_UISupportedInterfaceOrientations_iPhone = "UIInterfaceOrientationPortrait UIInterfaceOrientationLandscapeLeft UIInterfaceOrientationLandscapeRight";
				IPHONEOS_DEPLOYMENT_TARGET = 16.0;
				LD_RUNPATH_SEARCH_PATHS = (
					"$(inherited)",
					"@executable_path/Frameworks",
				);
				MARKETING_VERSION = 1.0;
				PRODUCT_BUNDLE_IDENTIFIER = com.felippostedile.GameCenter;
				PRODUCT_NAME = "$(TARGET_NAME)";
				PROVISIONING_PROFILE_SPECIFIER = "";
				"PROVISIONING_PROFILE_SPECIFIER[sdk=iphoneos*]" = gamecentertesting;
				SWIFT_EMIT_LOC_STRINGS = YES;
				SWIFT_VERSION = 5.0;
				TARGETED_DEVICE_FAMILY = "1,2";
			};
			name = Release;
		};
		734D38AD2A9D2CB800B42D43 /* Debug */ = {
			isa = XCBuildConfiguration;
			buildSettings = {
				ALWAYS_EMBED_SWIFT_STANDARD_LIBRARIES = YES;
				BUNDLE_LOADER = "$(TEST_HOST)";
				CODE_SIGN_STYLE = Automatic;
				CURRENT_PROJECT_VERSION = 1;
				DEVELOPMENT_TEAM = UDTLAW243X;
				GENERATE_INFOPLIST_FILE = YES;
				IPHONEOS_DEPLOYMENT_TARGET = 16.4;
				MARKETING_VERSION = 1.0;
				PRODUCT_BUNDLE_IDENTIFIER = com.felippostedile.GameCenterTests;
				PRODUCT_NAME = "$(TARGET_NAME)";
				SWIFT_EMIT_LOC_STRINGS = NO;
				SWIFT_VERSION = 5.0;
				TARGETED_DEVICE_FAMILY = "1,2";
				TEST_HOST = "$(BUILT_PRODUCTS_DIR)/GameCenter.app/$(BUNDLE_EXECUTABLE_FOLDER_PATH)/GameCenter";
			};
			name = Debug;
		};
		734D38AE2A9D2CB800B42D43 /* Release */ = {
			isa = XCBuildConfiguration;
			buildSettings = {
				ALWAYS_EMBED_SWIFT_STANDARD_LIBRARIES = YES;
				BUNDLE_LOADER = "$(TEST_HOST)";
				CODE_SIGN_STYLE = Automatic;
				CURRENT_PROJECT_VERSION = 1;
				DEVELOPMENT_TEAM = UDTLAW243X;
				GENERATE_INFOPLIST_FILE = YES;
				IPHONEOS_DEPLOYMENT_TARGET = 16.4;
				MARKETING_VERSION = 1.0;
				PRODUCT_BUNDLE_IDENTIFIER = com.felippostedile.GameCenterTests;
				PRODUCT_NAME = "$(TARGET_NAME)";
				SWIFT_EMIT_LOC_STRINGS = NO;
				SWIFT_VERSION = 5.0;
				TARGETED_DEVICE_FAMILY = "1,2";
				TEST_HOST = "$(BUILT_PRODUCTS_DIR)/GameCenter.app/$(BUNDLE_EXECUTABLE_FOLDER_PATH)/GameCenter";
			};
			name = Release;
		};
		734D38B02A9D2CB800B42D43 /* Debug */ = {
			isa = XCBuildConfiguration;
			buildSettings = {
				ALWAYS_EMBED_SWIFT_STANDARD_LIBRARIES = YES;
				CODE_SIGN_STYLE = Automatic;
				CURRENT_PROJECT_VERSION = 1;
				DEVELOPMENT_TEAM = UDTLAW243X;
				GENERATE_INFOPLIST_FILE = YES;
				MARKETING_VERSION = 1.0;
				PRODUCT_BUNDLE_IDENTIFIER = com.felippostedile.GameCenterUITests;
				PRODUCT_NAME = "$(TARGET_NAME)";
				SWIFT_EMIT_LOC_STRINGS = NO;
				SWIFT_VERSION = 5.0;
				TARGETED_DEVICE_FAMILY = "1,2";
				TEST_TARGET_NAME = GameCenter;
			};
			name = Debug;
		};
		734D38B12A9D2CB800B42D43 /* Release */ = {
			isa = XCBuildConfiguration;
			buildSettings = {
				ALWAYS_EMBED_SWIFT_STANDARD_LIBRARIES = YES;
				CODE_SIGN_STYLE = Automatic;
				CURRENT_PROJECT_VERSION = 1;
				DEVELOPMENT_TEAM = UDTLAW243X;
				GENERATE_INFOPLIST_FILE = YES;
				MARKETING_VERSION = 1.0;
				PRODUCT_BUNDLE_IDENTIFIER = com.felippostedile.GameCenterUITests;
				PRODUCT_NAME = "$(TARGET_NAME)";
				SWIFT_EMIT_LOC_STRINGS = NO;
				SWIFT_VERSION = 5.0;
				TARGETED_DEVICE_FAMILY = "1,2";
				TEST_TARGET_NAME = GameCenter;
			};
			name = Release;
		};
/* End XCBuildConfiguration section */

/* Begin XCConfigurationList section */
		734D38802A9D2CB700B42D43 /* Build configuration list for PBXProject "GameCenter" */ = {
			isa = XCConfigurationList;
			buildConfigurations = (
				734D38A72A9D2CB800B42D43 /* Debug */,
				734D38A82A9D2CB800B42D43 /* Release */,
			);
			defaultConfigurationIsVisible = 0;
			defaultConfigurationName = Release;
		};
		734D38A92A9D2CB800B42D43 /* Build configuration list for PBXNativeTarget "GameCenter" */ = {
			isa = XCConfigurationList;
			buildConfigurations = (
				734D38AA2A9D2CB800B42D43 /* Debug */,
				734D38AB2A9D2CB800B42D43 /* Release */,
			);
			defaultConfigurationIsVisible = 0;
			defaultConfigurationName = Release;
		};
		734D38AC2A9D2CB800B42D43 /* Build configuration list for PBXNativeTarget "GameCenterTests" */ = {
			isa = XCConfigurationList;
			buildConfigurations = (
				734D38AD2A9D2CB800B42D43 /* Debug */,
				734D38AE2A9D2CB800B42D43 /* Release */,
			);
			defaultConfigurationIsVisible = 0;
			defaultConfigurationName = Release;
		};
		734D38AF2A9D2CB800B42D43 /* Build configuration list for PBXNativeTarget "GameCenterUITests" */ = {
			isa = XCConfigurationList;
			buildConfigurations = (
				734D38B02A9D2CB800B42D43 /* Debug */,
				734D38B12A9D2CB800B42D43 /* Release */,
			);
			defaultConfigurationIsVisible = 0;
			defaultConfigurationName = Release;
		};
/* End XCConfigurationList section */
	};
	rootObject = 734D387D2A9D2CB700B42D43 /* Project object */;
}
